{
  "name": "truffle",
  "version": "1.0.0",
  "lockfileVersion": 1,
  "requires": true,
  "dependencies": {
    "ajax-caching": {
      "version": "0.1.2",
      "resolved": "https://registry.npmjs.org/ajax-caching/-/ajax-caching-0.1.2.tgz",
      "integrity": "sha512-sR4BataOHBqyhzfjhY6XlmaL6ifysUn1YwoN2PoToKwB0vGZ0G8opPMiBwQfIZ4MGc1YX4M3UlZzGnXcsIE88Q==",
      "requires": {
        "kv-idb": "^1.1.0"
      }
    },
    "ajv": {
      "version": "5.5.2",
      "resolved": "https://registry.npmjs.org/ajv/-/ajv-5.5.2.tgz",
      "integrity": "sha1-c7Xuyj+rZT49P5Qis0GtQiBdyWU=",
      "requires": {
        "co": "^4.6.0",
        "fast-deep-equal": "^1.0.0",
        "fast-json-stable-stringify": "^2.0.0",
        "json-schema-traverse": "^0.3.0"
      }
    },
    "async": {
      "version": "1.5.2",
      "resolved": "https://registry.npmjs.org/async/-/async-1.5.2.tgz",
      "integrity": "sha1-7GphrlZIDAw8skHJVhjiCJL5Zyo="
    },
    "bignumber.js": {
      "version": "5.0.0",
      "resolved": "https://registry.npmjs.org/bignumber.js/-/bignumber.js-5.0.0.tgz",
      "integrity": "sha512-KWTu6ZMVk9sxlDJQh2YH1UOnfDP8O8TpxUxgQG/vKASoSnEjK9aVuOueFaPcQEYQ5fyNXNTOYwYw3099RYebWg=="
    },
    "bn.js": {
      "version": "4.11.6",
      "resolved": "https://registry.npmjs.org/bn.js/-/bn.js-4.11.6.tgz",
      "integrity": "sha1-UzRK2xRhehP26N0s4okF0cC6MhU="
    },
    "co": {
      "version": "4.6.0",
      "resolved": "https://registry.npmjs.org/co/-/co-4.6.0.tgz",
      "integrity": "sha1-bqa989hTrlTMuOR7+gvz+QMfsYQ="
    },
    "command-exists": {
      "version": "1.2.9",
      "resolved": "https://registry.npmjs.org/command-exists/-/command-exists-1.2.9.tgz",
      "integrity": "sha512-LTQ/SGc+s0Xc0Fu5WaKnR0YiygZkm9eKFvyS+fRsU7/ZWFF8ykFM6Pc9aCVf1+xasOOZpO3BAVgVrKvsqKHV7w=="
    },
    "commander": {
      "version": "8.3.0",
      "resolved": "https://registry.npmjs.org/commander/-/commander-8.3.0.tgz",
      "integrity": "sha512-OkTL9umf+He2DZkUq8f8J9of7yL6RJKI24dVITBmNfZBmri9zYZQrKkuXiKhyfPSu8tUhnVBB1iKXevvnlR4Ww=="
    },
    "crypto-js": {
      "version": "3.1.9-1",
      "resolved": "https://registry.npmjs.org/crypto-js/-/crypto-js-3.1.9-1.tgz",
      "integrity": "sha1-/aGedh/Ad+Af+/3G6f38WeiAbNg="
    },
    "debug": {
      "version": "3.1.0",
      "resolved": "https://registry.npmjs.org/debug/-/debug-3.1.0.tgz",
      "integrity": "sha512-OX8XqP7/1a9cqkxYw2yXss15f26NKWBpDXQd0/uK/KPqdQhxbPa994hnzjcE2VqQpDslf55723cKPUOGSmMY3g==",
      "requires": {
        "ms": "2.0.0"
      }
    },
    "ethjs-abi": {
      "version": "0.1.8",
      "resolved": "https://registry.npmjs.org/ethjs-abi/-/ethjs-abi-0.1.8.tgz",
      "integrity": "sha1-zSiFg+1ijN+tr4re+juh28vKbBg=",
      "requires": {
        "bn.js": "4.11.6",
        "js-sha3": "0.5.5",
        "number-to-bn": "1.7.0"
      }
    },
    "fast-deep-equal": {
      "version": "1.1.0",
      "resolved": "https://registry.npmjs.org/fast-deep-equal/-/fast-deep-equal-1.1.0.tgz",
      "integrity": "sha1-wFNHeBfIa1HaqFPIHgWbcz0CNhQ="
    },
    "fast-json-stable-stringify": {
      "version": "2.0.0",
      "resolved": "https://registry.npmjs.org/fast-json-stable-stringify/-/fast-json-stable-stringify-2.0.0.tgz",
      "integrity": "sha1-1RQsDK7msRifh9OnYREGT4bIu/I="
    },
    "follow-redirects": {
      "version": "1.15.2",
      "resolved": "https://registry.npmjs.org/follow-redirects/-/follow-redirects-1.15.2.tgz",
      "integrity": "sha512-VQLG33o04KaQ8uYi2tVNbdrWp1QWxNNea+nmIB4EVM28v0hmP17z7aG1+wAkNzVq4KeXTq3221ye5qTJP91JwA=="
    },
    "ganache-cli": {
      "version": "6.12.2",
      "resolved": "https://registry.npmjs.org/ganache-cli/-/ganache-cli-6.12.2.tgz",
      "integrity": "sha512-bnmwnJDBDsOWBUP8E/BExWf85TsdDEFelQSzihSJm9VChVO1SHp94YXLP5BlA4j/OTxp0wR4R1Tje9OHOuAJVw==",
      "requires": {
        "ethereumjs-util": "6.2.1",
        "source-map-support": "0.5.12",
        "yargs": "13.2.4"
      },
      "dependencies": {
        "@types/bn.js": {
          "version": "4.11.6",
          "bundled": true,
          "requires": {
            "@types/node": "*"
          }
        },
        "@types/node": {
          "version": "14.11.2",
          "bundled": true
        },
        "@types/pbkdf2": {
          "version": "3.1.0",
          "bundled": true,
          "requires": {
            "@types/node": "*"
          }
        },
        "@types/secp256k1": {
          "version": "4.0.1",
          "bundled": true,
          "requires": {
            "@types/node": "*"
          }
        },
        "ansi-regex": {
          "version": "4.1.0",
          "bundled": true
        },
        "ansi-styles": {
          "version": "3.2.1",
          "bundled": true,
          "requires": {
            "color-convert": "^1.9.0"
          }
        },
        "base-x": {
          "version": "3.0.8",
          "bundled": true,
          "requires": {
            "safe-buffer": "^5.0.1"
          }
        },
        "blakejs": {
          "version": "1.1.0",
          "bundled": true
        },
        "bn.js": {
          "version": "4.11.9",
          "bundled": true
        },
        "brorand": {
          "version": "1.1.0",
          "bundled": true
        },
        "browserify-aes": {
          "version": "1.2.0",
          "bundled": true,
          "requires": {
            "buffer-xor": "^1.0.3",
            "cipher-base": "^1.0.0",
            "create-hash": "^1.1.0",
            "evp_bytestokey": "^1.0.3",
            "inherits": "^2.0.1",
            "safe-buffer": "^5.0.1"
          }
        },
        "bs58": {
          "version": "4.0.1",
          "bundled": true,
          "requires": {
            "base-x": "^3.0.2"
          }
        },
        "bs58check": {
          "version": "2.1.2",
          "bundled": true,
          "requires": {
            "bs58": "^4.0.0",
            "create-hash": "^1.1.0",
            "safe-buffer": "^5.1.2"
          }
        },
        "buffer-from": {
          "version": "1.1.1",
          "bundled": true
        },
        "buffer-xor": {
          "version": "1.0.3",
          "bundled": true
        },
        "camelcase": {
          "version": "5.3.1",
          "bundled": true
        },
        "cipher-base": {
          "version": "1.0.4",
          "bundled": true,
          "requires": {
            "inherits": "^2.0.1",
            "safe-buffer": "^5.0.1"
          }
        },
        "cliui": {
          "version": "5.0.0",
          "bundled": true,
          "requires": {
            "string-width": "^3.1.0",
            "strip-ansi": "^5.2.0",
            "wrap-ansi": "^5.1.0"
          }
        },
        "color-convert": {
          "version": "1.9.3",
          "bundled": true,
          "requires": {
            "color-name": "1.1.3"
          }
        },
        "color-name": {
          "version": "1.1.3",
          "bundled": true
        },
        "create-hash": {
          "version": "1.2.0",
          "bundled": true,
          "requires": {
            "cipher-base": "^1.0.1",
            "inherits": "^2.0.1",
            "md5.js": "^1.3.4",
            "ripemd160": "^2.0.1",
            "sha.js": "^2.4.0"
          }
        },
        "create-hmac": {
          "version": "1.1.7",
          "bundled": true,
          "requires": {
            "cipher-base": "^1.0.3",
            "create-hash": "^1.1.0",
            "inherits": "^2.0.1",
            "ripemd160": "^2.0.0",
            "safe-buffer": "^5.0.1",
            "sha.js": "^2.4.8"
          }
        },
        "cross-spawn": {
          "version": "6.0.5",
          "bundled": true,
          "requires": {
            "nice-try": "^1.0.4",
            "path-key": "^2.0.1",
            "semver": "^5.5.0",
            "shebang-command": "^1.2.0",
            "which": "^1.2.9"
          }
        },
        "decamelize": {
          "version": "1.2.0",
          "bundled": true
        },
        "elliptic": {
          "version": "6.5.3",
          "bundled": true,
          "requires": {
            "bn.js": "^4.4.0",
            "brorand": "^1.0.1",
            "hash.js": "^1.0.0",
            "hmac-drbg": "^1.0.0",
            "inherits": "^2.0.1",
            "minimalistic-assert": "^1.0.0",
            "minimalistic-crypto-utils": "^1.0.0"
          }
        },
        "emoji-regex": {
          "version": "7.0.3",
          "bundled": true
        },
        "end-of-stream": {
          "version": "1.4.4",
          "bundled": true,
          "requires": {
            "once": "^1.4.0"
          }
        },
        "ethereum-cryptography": {
          "version": "0.1.3",
          "bundled": true,
          "requires": {
            "@types/pbkdf2": "^3.0.0",
            "@types/secp256k1": "^4.0.1",
            "blakejs": "^1.1.0",
            "browserify-aes": "^1.2.0",
            "bs58check": "^2.1.2",
            "create-hash": "^1.2.0",
            "create-hmac": "^1.1.7",
            "hash.js": "^1.1.7",
            "keccak": "^3.0.0",
            "pbkdf2": "^3.0.17",
            "randombytes": "^2.1.0",
            "safe-buffer": "^5.1.2",
            "scrypt-js": "^3.0.0",
            "secp256k1": "^4.0.1",
            "setimmediate": "^1.0.5"
          }
        },
        "ethereumjs-util": {
          "version": "6.2.1",
          "bundled": true,
          "requires": {
            "@types/bn.js": "^4.11.3",
            "bn.js": "^4.11.0",
            "create-hash": "^1.1.2",
            "elliptic": "^6.5.2",
            "ethereum-cryptography": "^0.1.3",
            "ethjs-util": "0.1.6",
            "rlp": "^2.2.3"
          }
        },
        "ethjs-util": {
          "version": "0.1.6",
          "bundled": true,
          "requires": {
            "is-hex-prefixed": "1.0.0",
            "strip-hex-prefix": "1.0.0"
          }
        },
        "evp_bytestokey": {
          "version": "1.0.3",
          "bundled": true,
          "requires": {
            "md5.js": "^1.3.4",
            "safe-buffer": "^5.1.1"
          }
        },
        "execa": {
          "version": "1.0.0",
          "bundled": true,
          "requires": {
            "cross-spawn": "^6.0.0",
            "get-stream": "^4.0.0",
            "is-stream": "^1.1.0",
            "npm-run-path": "^2.0.0",
            "p-finally": "^1.0.0",
            "signal-exit": "^3.0.0",
            "strip-eof": "^1.0.0"
          }
        },
        "find-up": {
          "version": "3.0.0",
          "bundled": true,
          "requires": {
            "locate-path": "^3.0.0"
          }
        },
        "get-caller-file": {
          "version": "2.0.5",
          "bundled": true
        },
        "get-stream": {
          "version": "4.1.0",
          "bundled": true,
          "requires": {
            "pump": "^3.0.0"
          }
        },
        "hash-base": {
          "version": "3.1.0",
          "bundled": true,
          "requires": {
            "inherits": "^2.0.4",
            "readable-stream": "^3.6.0",
            "safe-buffer": "^5.2.0"
          }
        },
        "hash.js": {
          "version": "1.1.7",
          "bundled": true,
          "requires": {
            "inherits": "^2.0.3",
            "minimalistic-assert": "^1.0.1"
          }
        },
        "hmac-drbg": {
          "version": "1.0.1",
          "bundled": true,
          "requires": {
            "hash.js": "^1.0.3",
            "minimalistic-assert": "^1.0.0",
            "minimalistic-crypto-utils": "^1.0.1"
          }
        },
        "inherits": {
          "version": "2.0.4",
          "bundled": true
        },
        "invert-kv": {
          "version": "2.0.0",
          "bundled": true
        },
        "is-fullwidth-code-point": {
          "version": "2.0.0",
          "bundled": true
        },
        "is-hex-prefixed": {
          "version": "1.0.0",
          "bundled": true
        },
        "is-stream": {
          "version": "1.1.0",
          "bundled": true
        },
        "isexe": {
          "version": "2.0.0",
          "bundled": true
        },
        "keccak": {
          "version": "3.0.1",
          "bundled": true,
          "requires": {
            "node-addon-api": "^2.0.0",
            "node-gyp-build": "^4.2.0"
          }
        },
        "lcid": {
          "version": "2.0.0",
          "bundled": true,
          "requires": {
            "invert-kv": "^2.0.0"
          }
        },
        "locate-path": {
          "version": "3.0.0",
          "bundled": true,
          "requires": {
            "p-locate": "^3.0.0",
            "path-exists": "^3.0.0"
          }
        },
        "map-age-cleaner": {
          "version": "0.1.3",
          "bundled": true,
          "requires": {
            "p-defer": "^1.0.0"
          }
        },
        "md5.js": {
          "version": "1.3.5",
          "bundled": true,
          "requires": {
            "hash-base": "^3.0.0",
            "inherits": "^2.0.1",
            "safe-buffer": "^5.1.2"
          }
        },
        "mem": {
          "version": "4.3.0",
          "bundled": true,
          "requires": {
            "map-age-cleaner": "^0.1.1",
            "mimic-fn": "^2.0.0",
            "p-is-promise": "^2.0.0"
          }
        },
        "mimic-fn": {
          "version": "2.1.0",
          "bundled": true
        },
        "minimalistic-assert": {
          "version": "1.0.1",
          "bundled": true
        },
        "minimalistic-crypto-utils": {
          "version": "1.0.1",
          "bundled": true
        },
        "nice-try": {
          "version": "1.0.5",
          "bundled": true
        },
        "node-addon-api": {
          "version": "2.0.2",
          "bundled": true
        },
        "node-gyp-build": {
          "version": "4.2.3",
          "bundled": true
        },
        "npm-run-path": {
          "version": "2.0.2",
          "bundled": true,
          "requires": {
            "path-key": "^2.0.0"
          }
        },
        "once": {
          "version": "1.4.0",
          "bundled": true,
          "requires": {
            "wrappy": "1"
          }
        },
        "os-locale": {
          "version": "3.1.0",
          "bundled": true,
          "requires": {
            "execa": "^1.0.0",
            "lcid": "^2.0.0",
            "mem": "^4.0.0"
          }
        },
        "p-defer": {
          "version": "1.0.0",
          "bundled": true
        },
        "p-finally": {
          "version": "1.0.0",
          "bundled": true
        },
        "p-is-promise": {
          "version": "2.1.0",
          "bundled": true
        },
        "p-limit": {
          "version": "2.3.0",
          "bundled": true,
          "requires": {
            "p-try": "^2.0.0"
          }
        },
        "p-locate": {
          "version": "3.0.0",
          "bundled": true,
          "requires": {
            "p-limit": "^2.0.0"
          }
        },
        "p-try": {
          "version": "2.2.0",
          "bundled": true
        },
        "path-exists": {
          "version": "3.0.0",
          "bundled": true
        },
        "path-key": {
          "version": "2.0.1",
          "bundled": true
        },
        "pbkdf2": {
          "version": "3.1.1",
          "bundled": true,
          "requires": {
            "create-hash": "^1.1.2",
            "create-hmac": "^1.1.4",
            "ripemd160": "^2.0.1",
            "safe-buffer": "^5.0.1",
            "sha.js": "^2.4.8"
          }
        },
        "pump": {
          "version": "3.0.0",
          "bundled": true,
          "requires": {
            "end-of-stream": "^1.1.0",
            "once": "^1.3.1"
          }
        },
        "randombytes": {
          "version": "2.1.0",
          "bundled": true,
          "requires": {
            "safe-buffer": "^5.1.0"
          }
        },
        "readable-stream": {
          "version": "3.6.0",
          "bundled": true,
          "requires": {
            "inherits": "^2.0.3",
            "string_decoder": "^1.1.1",
            "util-deprecate": "^1.0.1"
          }
        },
        "require-directory": {
          "version": "2.1.1",
          "bundled": true
        },
        "require-main-filename": {
          "version": "2.0.0",
          "bundled": true
        },
        "ripemd160": {
          "version": "2.0.2",
          "bundled": true,
          "requires": {
            "hash-base": "^3.0.0",
            "inherits": "^2.0.1"
          }
        },
        "rlp": {
          "version": "2.2.6",
          "bundled": true,
          "requires": {
            "bn.js": "^4.11.1"
          }
        },
        "safe-buffer": {
          "version": "5.2.1",
          "bundled": true
        },
        "scrypt-js": {
          "version": "3.0.1",
          "bundled": true
        },
        "secp256k1": {
          "version": "4.0.2",
          "bundled": true,
          "requires": {
            "elliptic": "^6.5.2",
            "node-addon-api": "^2.0.0",
            "node-gyp-build": "^4.2.0"
          }
        },
        "semver": {
          "version": "5.7.1",
          "bundled": true
        },
        "set-blocking": {
          "version": "2.0.0",
          "bundled": true
        },
        "setimmediate": {
          "version": "1.0.5",
          "bundled": true
        },
        "sha.js": {
          "version": "2.4.11",
          "bundled": true,
          "requires": {
            "inherits": "^2.0.1",
            "safe-buffer": "^5.0.1"
          }
        },
        "shebang-command": {
          "version": "1.2.0",
          "bundled": true,
          "requires": {
            "shebang-regex": "^1.0.0"
          }
        },
        "shebang-regex": {
          "version": "1.0.0",
          "bundled": true
        },
        "signal-exit": {
          "version": "3.0.3",
          "bundled": true
        },
        "source-map": {
          "version": "0.6.1",
          "bundled": true
        },
        "source-map-support": {
          "version": "0.5.12",
          "bundled": true,
          "requires": {
            "buffer-from": "^1.0.0",
            "source-map": "^0.6.0"
          }
        },
        "string-width": {
          "version": "3.1.0",
          "bundled": true,
          "requires": {
            "emoji-regex": "^7.0.1",
            "is-fullwidth-code-point": "^2.0.0",
            "strip-ansi": "^5.1.0"
          }
        },
        "string_decoder": {
          "version": "1.3.0",
          "bundled": true,
          "requires": {
            "safe-buffer": "~5.2.0"
          }
        },
        "strip-ansi": {
          "version": "5.2.0",
          "bundled": true,
          "requires": {
            "ansi-regex": "^4.1.0"
          }
        },
        "strip-eof": {
          "version": "1.0.0",
          "bundled": true
        },
        "strip-hex-prefix": {
          "version": "1.0.0",
          "bundled": true,
          "requires": {
            "is-hex-prefixed": "1.0.0"
          }
        },
        "util-deprecate": {
          "version": "1.0.2",
          "bundled": true
        },
        "which": {
          "version": "1.3.1",
          "bundled": true,
          "requires": {
            "isexe": "^2.0.0"
          }
        },
        "which-module": {
          "version": "2.0.0",
          "bundled": true
        },
        "wrap-ansi": {
          "version": "5.1.0",
          "bundled": true,
          "requires": {
            "ansi-styles": "^3.2.0",
            "string-width": "^3.0.0",
            "strip-ansi": "^5.0.0"
          }
        },
        "wrappy": {
          "version": "1.0.2",
          "bundled": true
        },
        "y18n": {
          "version": "4.0.0",
          "bundled": true
        },
        "yargs": {
          "version": "13.2.4",
          "bundled": true,
          "requires": {
            "cliui": "^5.0.0",
            "find-up": "^3.0.0",
            "get-caller-file": "^2.0.1",
            "os-locale": "^3.1.0",
            "require-directory": "^2.1.1",
            "require-main-filename": "^2.0.0",
            "set-blocking": "^2.0.0",
            "string-width": "^3.0.0",
            "which-module": "^2.0.0",
            "y18n": "^4.0.0",
            "yargs-parser": "^13.1.0"
          }
        },
        "yargs-parser": {
          "version": "13.1.2",
          "bundled": true,
          "requires": {
            "camelcase": "^5.0.0",
            "decamelize": "^1.2.0"
          }
        }
      }
    },
    "graceful-fs": {
      "version": "4.1.11",
      "resolved": "https://registry.npmjs.org/graceful-fs/-/graceful-fs-4.1.11.tgz",
      "integrity": "sha1-Dovf5NHduIVNZOBOp8AOKgJuVlg="
    },
    "is-hex-prefixed": {
      "version": "1.0.0",
      "resolved": "https://registry.npmjs.org/is-hex-prefixed/-/is-hex-prefixed-1.0.0.tgz",
      "integrity": "sha1-fY035q135dEnFIkTxXPggtd39VQ="
    },
    "js-sha3": {
      "version": "0.5.5",
      "resolved": "https://registry.npmjs.org/js-sha3/-/js-sha3-0.5.5.tgz",
      "integrity": "sha1-uvDA6MVK1ZA0R9+Wreekobynmko="
    },
    "json-schema-traverse": {
      "version": "0.3.1",
      "resolved": "https://registry.npmjs.org/json-schema-traverse/-/json-schema-traverse-0.3.1.tgz",
      "integrity": "sha1-NJptRMU6Ud6JtAgFxdXlm0F9M0A="
    },
    "jsonfile": {
      "version": "2.4.0",
      "resolved": "https://registry.npmjs.org/jsonfile/-/jsonfile-2.4.0.tgz",
      "integrity": "sha1-NzaitCi4e72gzIO1P6PWM6NcKug=",
      "requires": {
        "graceful-fs": "^4.1.6"
      }
    },
    "klaw": {
      "version": "1.3.1",
      "resolved": "https://registry.npmjs.org/klaw/-/klaw-1.3.1.tgz",
      "integrity": "sha1-QIhDO0azsbolnXh4XY6W9zugJDk=",
      "requires": {
        "graceful-fs": "^4.1.9"
      }
    },
    "kv-idb": {
      "version": "1.1.0",
      "resolved": "https://registry.npmjs.org/kv-idb/-/kv-idb-1.1.0.tgz",
      "integrity": "sha512-H1qsvb/rZcJX573DGonc6l1hNG283JfnmBck83aiLmjI1nwaiudUinjzaWmwa8QZkjHsMUDkXm4D1k4ewjlo/g=="
    },
    "lodash": {
      "version": "4.17.10",
      "resolved": "https://registry.npmjs.org/lodash/-/lodash-4.17.10.tgz",
      "integrity": "sha512-UejweD1pDoXu+AD825lWwp4ZGtSwgnpZxb3JDViD7StjQz+Nb/6l093lx4OQ0foGWNRoc19mWy7BzL+UAK2iVg=="
    },
    "memorystream": {
      "version": "0.3.1",
      "resolved": "https://registry.npmjs.org/memorystream/-/memorystream-0.3.1.tgz",
      "integrity": "sha512-S3UwM3yj5mtUSEfP41UZmt/0SCoVYUcU1rkXv+BQ5Ig8ndL4sPoJNBUJERafdPb5jjHJGuMgytgKvKIf58XNBw=="
    },
    "ms": {
      "version": "2.0.0",
      "resolved": "https://registry.npmjs.org/ms/-/ms-2.0.0.tgz",
      "integrity": "sha1-VgiurfwAvmwpAd9fmGF4jeDVl8g="
    },
    "number-to-bn": {
      "version": "1.7.0",
      "resolved": "https://registry.npmjs.org/number-to-bn/-/number-to-bn-1.7.0.tgz",
      "integrity": "sha1-uzYjWS9+X54AMLGXe9QaDFP+HqA=",
      "requires": {
        "bn.js": "4.11.6",
        "strip-hex-prefix": "1.0.0"
      }
    },
    "os-tmpdir": {
      "version": "1.0.2",
      "resolved": "https://registry.npmjs.org/os-tmpdir/-/os-tmpdir-1.0.2.tgz",
      "integrity": "sha512-D2FR03Vir7FIu45XBY20mTb+/ZSWB00sjU9jdQXt83gDrI4Ztz5Fs7/yy74g2N5SVQY4xY1qDr4rNddwYRVX0g=="
    },
    "resolve-github": {
      "version": "0.2.0",
      "resolved": "https://registry.npmjs.org/resolve-github/-/resolve-github-0.2.0.tgz",
      "integrity": "sha512-Ocaoo1zeCaNPduCzzPLtUvoUOmbzjyBs4Eq/jEzZkknzhuH53roeD8NUHg9ZjwDBpcuMiOqaoiskAnURKxopag==",
      "requires": {
        "solc-import": "0.0.2"
      }
    },
    "resolve-http": {
      "version": "0.2.0",
      "resolved": "https://registry.npmjs.org/resolve-http/-/resolve-http-0.2.0.tgz",
      "integrity": "sha512-XInHhoHbU4wwLXcrWB1ULPN/RzEzopenfePeykv9IssY1oF1evUDIBMODMJpYl3zxRZsqqOHsrA8lcb/4ZsvgQ==",
      "requires": {
        "solc-import": "0.0.2"
      }
    },
    "resolve-ipfs": {
      "version": "0.1.0",
      "resolved": "https://registry.npmjs.org/resolve-ipfs/-/resolve-ipfs-0.1.0.tgz",
      "integrity": "sha512-TLvn09WQ01AZTFoZK1aSidmdUnCxQfTuehEutF6w8kRoXw1hL3jlDw5djKJlIVADihXp2HWguZR4hZXAtLkFSw=="
    },
    "resolve-swarm": {
      "version": "0.1.0",
      "resolved": "https://registry.npmjs.org/resolve-swarm/-/resolve-swarm-0.1.0.tgz",
      "integrity": "sha512-fhI2FSkN6SLUJCWf7Svf3rW9AdSxS4KQCJzvAPSJZRmg1bPz+Ek/fRmNUkv5ihtrNiW8wury+XxQZoS+6LbHHg=="
    },
    "semver": {
      "version": "5.7.1",
      "resolved": "https://registry.npmjs.org/semver/-/semver-5.7.1.tgz",
      "integrity": "sha512-sauaDf/PZdVgrLTNYHRtpXa1iRiKcaebiKQ1BJdpQlWH2lCvexQdX55snPFyK7QzpudqbCI0qXFfOasHdyNDGQ=="
    },
    "solc": {
      "version": "0.8.19",
      "resolved": "https://registry.npmjs.org/solc/-/solc-0.8.19.tgz",
      "integrity": "sha512-yqurS3wzC4LdEvmMobODXqprV4MYJcVtinuxgrp61ac8K2zz40vXA0eSAskSHPgv8dQo7Nux39i3QBsHx4pqyA==",
      "requires": {
        "command-exists": "^1.2.8",
        "commander": "^8.1.0",
        "follow-redirects": "^1.12.1",
        "js-sha3": "0.8.0",
        "memorystream": "^0.3.1",
        "semver": "^5.5.0",
        "tmp": "0.0.33"
      },
      "dependencies": {
        "js-sha3": {
          "version": "0.8.0",
          "resolved": "https://registry.npmjs.org/js-sha3/-/js-sha3-0.8.0.tgz",
          "integrity": "sha512-gF1cRrHhIzNfToc802P800N8PpXS+evLLXfsVpowqmAFR9uwbi89WvXg2QspOmXL8QL86J4T1EpFu+yUkwJY3Q=="
        }
      }
    },
    "solc-import": {
      "version": "0.0.2",
      "resolved": "https://registry.npmjs.org/solc-import/-/solc-import-0.0.2.tgz",
      "integrity": "sha512-NQMUiz2c1xm62Q1VhgTGa2DUQWr6bIpPIJxDhg77YPfCyrq4GO/o1BP0brp9gTpNzjYODG9I2Wh8vB8eJxFjXA=="
    },
    "solc-js": {
      "version": "1.0.1",
      "resolved": "https://registry.npmjs.org/solc-js/-/solc-js-1.0.1.tgz",
      "integrity": "sha512-+DjNJLfbOteWSkGLiWUBPvhFa4iq6Eo/a7rrVNz/B79Oz0DiwMha6kPrfZbYcTQ0ZbZBlVGB2EXAipKFI4kJHw==",
      "requires": {
        "ajax-caching": "^0.1.0",
        "kv-idb": "^1.0.0",
        "resolve-github": "^0.2.0",
        "resolve-http": "^0.2.0",
        "resolve-ipfs": "^0.1.0",
        "resolve-swarm": "^0.1.0",
        "solc-import": "^0.0.2",
        "solc-resolver": "^0.2.1",
        "solc-version": "^0.1.6",
        "solcjs-core": "^0.6.0"
      }
    },
    "solc-resolver": {
      "version": "0.2.3",
      "resolved": "https://registry.npmjs.org/solc-resolver/-/solc-resolver-0.2.3.tgz",
      "integrity": "sha512-nYji6nNFWauxzSDUNGWCcRJxy18MTDezYFpP2j+dFf0eDUY5G1e7XyJosyVIsddrUk8MCTBecZ8kFi5wS7cfZQ==",
      "requires": {
        "solc-import": "^0.0.2"
      }
    },
    "solc-version": {
      "version": "0.1.6",
      "resolved": "https://registry.npmjs.org/solc-version/-/solc-version-0.1.6.tgz",
      "integrity": "sha512-oGi7NQUQJf9xFQBIkUEm2NMOWhezgSEfyR8EOBv0okdgNkKZg8LUJIJ3G1czdwgUkAQPMpVRxqCE/JK4B+cCmw==",
      "requires": {
        "ajax-caching": "^0.1.0"
      }
    },
    "solcjs-core": {
      "version": "0.6.0",
      "resolved": "https://registry.npmjs.org/solcjs-core/-/solcjs-core-0.6.0.tgz",
      "integrity": "sha512-PSuiSMMFnjQSn2PMr/Ae4kYPum+NVneZDA5hiZrOhG59t4gDRPt0bSdRjdlVgWFmTQTqsd5aJ9u+P0x7L7lJDg==",
      "requires": {
        "ajax-caching": "^0.2.0",
        "solc-import": "^0.0.2",
        "solc-version": "^0.2.0"
      },
      "dependencies": {
        "ajax-caching": {
          "version": "0.2.0",
          "resolved": "https://registry.npmjs.org/ajax-caching/-/ajax-caching-0.2.0.tgz",
          "integrity": "sha512-WUDWUS1V/I3qquf4fxZECiaAbtN7apPzfkpfyvE4nBIT6FInwYT8smrmDJOL/FqQAwGQOJh4gEseBg0xcOj7Qw==",
          "requires": {
            "kv-idb": "^1.1.0"
          }
        },
        "lodash": {
          "version": "4.17.21",
          "resolved": "https://registry.npmjs.org/lodash/-/lodash-4.17.21.tgz",
          "integrity": "sha512-v2kDEe57lecTulaDIuNTPy3Ry4gLGJ6Z1O3vE1krgXZNrsQ+LFTGHVxVjcXPs17LhbZVGedAJv8XZ1tvj5FvSg=="
        },
        "solc-version": {
          "version": "0.2.2",
          "resolved": "https://registry.npmjs.org/solc-version/-/solc-version-0.2.2.tgz",
          "integrity": "sha512-CNdemSq0W0OcSD6B9OYkUmJaWuQOX5YMEYUJ5vkHFJwwCnFnmE/jAW08wLexaH/+XbMTsrV1IxcAnHnx3STHrQ==",
          "requires": {
            "ajax-caching": "^0.2.0",
            "lodash": "^4.17.15"
          }
        }
      }
    },
    "strip-hex-prefix": {
      "version": "1.0.0",
      "resolved": "https://registry.npmjs.org/strip-hex-prefix/-/strip-hex-prefix-1.0.0.tgz",
      "integrity": "sha1-DF8VX+8RUTczd96du1iNoFUA428=",
      "requires": {
        "is-hex-prefixed": "1.0.0"
      }
    },
    "tmp": {
      "version": "0.0.33",
      "resolved": "https://registry.npmjs.org/tmp/-/tmp-0.0.33.tgz",
      "integrity": "sha512-jRCJlojKnZ3addtTOjdIqoRuPEKBvNXcGYqzO6zWZX8KfKEpnGY5jfggJQ3EjKuu8D4bJRr0y+cYJFmYbImXGw==",
      "requires": {
        "os-tmpdir": "~1.0.2"
      }
    },
    "truffle-artifactor": {
      "version": "3.0.5",
      "resolved": "https://registry.npmjs.org/truffle-artifactor/-/truffle-artifactor-3.0.5.tgz",
      "integrity": "sha512-nDCdAUTJ9CGDSvO6wBZbor0VtaGx0lOS+AC6qNW4njrN/rF7niKXdz7YRpiNX6snVsUPprY0gVZrgi02f4d+uw==",
      "requires": {
        "async": "^1.5.2",
        "debug": "^3.1.0",
        "fs-extra": "^1.0.0",
        "lodash": "^4.11.2",
        "truffle-contract": "^3.0.5",
        "truffle-contract-schema": "^2.0.0",
        "truffle-expect": "^0.0.3"
      },
      "dependencies": {
        "fs-extra": {
          "version": "1.0.0",
          "resolved": "https://registry.npmjs.org/fs-extra/-/fs-extra-1.0.0.tgz",
          "integrity": "sha1-zTzl9+fLYUWIP8rjGR6Yd/hYeVA=",
          "requires": {
            "graceful-fs": "^4.1.2",
            "jsonfile": "^2.1.0",
            "klaw": "^1.0.0"
          }
        }
      }
    },
    "truffle-blockchain-utils": {
      "version": "0.0.4",
      "resolved": "https://registry.npmjs.org/truffle-blockchain-utils/-/truffle-blockchain-utils-0.0.4.tgz",
      "integrity": "sha512-wgRrhwqh0aea08Hz28hUV4tuF2uTVQH/e9kBou+WK04cqrutB5cxQVQ6HGjeZLltxBYOFvhrGOOq4l3WJFnPEA=="
    },
    "truffle-contract": {
      "version": "3.0.5",
      "resolved": "https://registry.npmjs.org/truffle-contract/-/truffle-contract-3.0.5.tgz",
      "integrity": "sha512-lRayhvX73OrLJ6TDvc0iYbzcB+Y1F9FCj9N1FXQ2EKOkqyIjmgZNMZFHGjvfTws1gsmonYd6sND0ahipiUYy8g==",
      "requires": {
        "ethjs-abi": "0.1.8",
        "truffle-blockchain-utils": "^0.0.4",
        "truffle-contract-schema": "^2.0.0",
        "truffle-error": "0.0.2",
        "web3": "^0.20.1"
      }
    },
    "truffle-contract-schema": {
      "version": "2.0.0",
      "resolved": "https://registry.npmjs.org/truffle-contract-schema/-/truffle-contract-schema-2.0.0.tgz",
      "integrity": "sha512-nLlspmu1GKDaluWksBwitHi/7Z3IpRjmBYeO9N+T1nVJD2V4IWJaptCKP1NqnPiJA+FChB7+F7pI6Br51/FtXQ==",
      "requires": {
        "ajv": "^5.1.1",
        "crypto-js": "^3.1.9-1",
        "debug": "^3.1.0"
      }
    },
    "truffle-error": {
      "version": "0.0.2",
      "resolved": "https://registry.npmjs.org/truffle-error/-/truffle-error-0.0.2.tgz",
      "integrity": "sha1-AbGJt4UFVmrhaJwjnHyi3RIc/kw="
    },
    "truffle-expect": {
      "version": "0.0.3",
      "resolved": "https://registry.npmjs.org/truffle-expect/-/truffle-expect-0.0.3.tgz",
      "integrity": "sha1-m3XO80O9WW5+XbyHj18bLjGKlEw="
    },
    "utf8": {
      "version": "2.1.2",
      "resolved": "https://registry.npmjs.org/utf8/-/utf8-2.1.2.tgz",
      "integrity": "sha1-H6DZJw6b6FDZsFAn9jUZv0ZFfZY="
    },
    "web3": {
      "version": "0.20.6",
      "resolved": "https://registry.npmjs.org/web3/-/web3-0.20.6.tgz",
      "integrity": "sha1-PpcwauAk+yThCj11yIQwJWIhUSA=",
      "requires": {
        "bignumber.js": "git+https://github.com/frozeman/bignumber.js-nolookahead.git#57692b3ecfc98bbdd6b3a516cb2353652ea49934",
        "crypto-js": "^3.1.4",
        "utf8": "^2.1.1",
        "xhr2": "*",
        "xmlhttprequest": "*"
      },
      "dependencies": {
        "bignumber.js": {
          "version": "git+https://github.com/frozeman/bignumber.js-nolookahead.git#57692b3ecfc98bbdd6b3a516cb2353652ea49934",
          "from": "git+https://github.com/frozeman/bignumber.js-nolookahead.git#57692b3ecfc98bbdd6b3a516cb2353652ea49934"
        },
        "crypto-js": {
          "version": "3.1.8",
          "resolved": "https://registry.npmjs.org/crypto-js/-/crypto-js-3.1.8.tgz",
          "integrity": "sha1-cV8HC/YBTyrpkqmLOSkli3E/CNU="
        }
      }
    },
    "xhr2": {
      "version": "0.1.4",
      "resolved": "https://registry.npmjs.org/xhr2/-/xhr2-0.1.4.tgz",
      "integrity": "sha1-f4dliEdxbbUCYyOBL4GMras4el8="
    },
    "xmlhttprequest": {
      "version": "1.8.0",
      "resolved": "https://registry.npmjs.org/xmlhttprequest/-/xmlhttprequest-1.8.0.tgz",
      "integrity": "sha1-Z/4HXFwk/vOfnWX197f+dRcZaPw="
    }
  }
}
